# THIS IS AN AUTOGENERATED FILE. DO NOT EDIT THIS FILE DIRECTLY.
# yarn lockfile v1


p5@^0.10.2:
  version "0.10.2"
  resolved "https://registry.yarnpkg.com/p5/-/p5-0.10.2.tgz#9437b28e803b9c8a94383c6b5f4d05b13603e1cc"
  integrity sha512-kZnC7JllCEnEUTB3sv2iETUg1ulNvB60h3MHb63u7W/nCJc3XIlMGXcKk28cuezdQ7TOlKScm0qmWCsol+302Q==
